
Microsoft Visual Studio Solution File, Format Version 12.00
# Visual Studio Version 17
VisualStudioVersion = 17.0.31903.59
MinimumVisualStudioVersion = 10.0.40219.1
Project("{2150E333-8FDC-42A3-9474-1A3956D46DE8}") = "src", "src", "{887A37AF-63BD-426B-9D91-2F75DFA48A65}"
EndProject
Project("{2150E333-8FDC-42A3-9474-1A3956D46DE8}") = "test", "test", "{80EEF6C8-C457-431F-9C97-83959D9AB4D3}"
EndProject
Project("{2150E333-8FDC-42A3-9474-1A3956D46DE8}") = "Solution Items", "Solution Items", "{94F1E7D8-05ED-4C81-B28F-CEF1A4FE8460}"
	ProjectSection(SolutionItems) = preProject
		.gitignore = .gitignore
		init-mongo.js = init-mongo.js
	EndProjectSection
EndProject
Project("{9A19103F-16F7-4668-BE54-9A1E7A4F7556}") = "SGS.Api", "src\SGS.Api\SGS.Api.csproj", "{54AB9C09-4DFF-4D03-B081-101B8ECF9A99}"
EndProject
Project("{9A19103F-16F7-4668-BE54-9A1E7A4F7556}") = "SGS.Domain", "src\SGS.Domain\SGS.Domain.csproj", "{CF155A98-7993-444B-89C4-A44BB16D2B3F}"
EndProject
Project("{9A19103F-16F7-4668-BE54-9A1E7A4F7556}") = "SGS.Infrastructure", "src\SGS.Infrastructure\SGS.Infrastructure.csproj", "{E2E589B5-8331-4416-B59A-F2826F06AC09}"
EndProject
Project("{9A19103F-16F7-4668-BE54-9A1E7A4F7556}") = "SGS.Infrastructure.Test", "test\SGS.Infrastructure.Test\SGS.Infrastructure.Test.csproj", "{3E9B34A5-5D8F-4687-BAD5-4338F531A172}"
EndProject
Project("{9A19103F-16F7-4668-BE54-9A1E7A4F7556}") = "SGS.Domain.Test", "test\SGS.Domain.Test\SGS.Domain.Test.csproj", "{065C06E3-8402-46D9-B25F-E199BD4050FE}"
EndProject
Project("{9A19103F-16F7-4668-BE54-9A1E7A4F7556}") = "SGS.Api.Test", "test\SGS.Api.Test\SGS.Api.Test.csproj", "{3F6987D5-2EE9-41FE-8C2F-0093F21A7A85}"
EndProject
Global
	GlobalSection(SolutionConfigurationPlatforms) = preSolution
		Debug|Any CPU = Debug|Any CPU
		Release|Any CPU = Release|Any CPU
	EndGlobalSection
	GlobalSection(ProjectConfigurationPlatforms) = postSolution
		{54AB9C09-4DFF-4D03-B081-101B8ECF9A99}.Debug|Any CPU.ActiveCfg = Debug|Any CPU
		{54AB9C09-4DFF-4D03-B081-101B8ECF9A99}.Debug|Any CPU.Build.0 = Debug|Any CPU
		{54AB9C09-4DFF-4D03-B081-101B8ECF9A99}.Release|Any CPU.ActiveCfg = Release|Any CPU
		{54AB9C09-4DFF-4D03-B081-101B8ECF9A99}.Release|Any CPU.Build.0 = Release|Any CPU
		{CF155A98-7993-444B-89C4-A44BB16D2B3F}.Debug|Any CPU.ActiveCfg = Debug|Any CPU
		{CF155A98-7993-444B-89C4-A44BB16D2B3F}.Debug|Any CPU.Build.0 = Debug|Any CPU
		{CF155A98-7993-444B-89C4-A44BB16D2B3F}.Release|Any CPU.ActiveCfg = Release|Any CPU
		{CF155A98-7993-444B-89C4-A44BB16D2B3F}.Release|Any CPU.Build.0 = Release|Any CPU
		{E2E589B5-8331-4416-B59A-F2826F06AC09}.Debug|Any CPU.ActiveCfg = Debug|Any CPU
		{E2E589B5-8331-4416-B59A-F2826F06AC09}.Debug|Any CPU.Build.0 = Debug|Any CPU
		{E2E589B5-8331-4416-B59A-F2826F06AC09}.Release|Any CPU.ActiveCfg = Release|Any CPU
		{E2E589B5-8331-4416-B59A-F2826F06AC09}.Release|Any CPU.Build.0 = Release|Any CPU
		{3E9B34A5-5D8F-4687-BAD5-4338F531A172}.Debug|Any CPU.ActiveCfg = Debug|Any CPU
		{3E9B34A5-5D8F-4687-BAD5-4338F531A172}.Debug|Any CPU.Build.0 = Debug|Any CPU
		{3E9B34A5-5D8F-4687-BAD5-4338F531A172}.Release|Any CPU.ActiveCfg = Release|Any CPU
		{3E9B34A5-5D8F-4687-BAD5-4338F531A172}.Release|Any CPU.Build.0 = Release|Any CPU
		{065C06E3-8402-46D9-B25F-E199BD4050FE}.Debug|Any CPU.ActiveCfg = Debug|Any CPU
		{065C06E3-8402-46D9-B25F-E199BD4050FE}.Debug|Any CPU.Build.0 = Debug|Any CPU
		{065C06E3-8402-46D9-B25F-E199BD4050FE}.Release|Any CPU.ActiveCfg = Release|Any CPU
		{065C06E3-8402-46D9-B25F-E199BD4050FE}.Release|Any CPU.Build.0 = Release|Any CPU
		{3F6987D5-2EE9-41FE-8C2F-0093F21A7A85}.Debug|Any CPU.ActiveCfg = Debug|Any CPU
		{3F6987D5-2EE9-41FE-8C2F-0093F21A7A85}.Debug|Any CPU.Build.0 = Debug|Any CPU
		{3F6987D5-2EE9-41FE-8C2F-0093F21A7A85}.Release|Any CPU.ActiveCfg = Release|Any CPU
		{3F6987D5-2EE9-41FE-8C2F-0093F21A7A85}.Release|Any CPU.Build.0 = Release|Any CPU
		
	EndGlobalSection
	GlobalSection(SolutionProperties) = preSolution
		HideSolutionNode = FALSE
	EndGlobalSection
	GlobalSection(NestedProjects) = preSolution
		{54AB9C09-4DFF-4D03-B081-101B8ECF9A99} = {887A37AF-63BD-426B-9D91-2F75DFA48A65}
		{CF155A98-7993-444B-89C4-A44BB16D2B3F} = {887A37AF-63BD-426B-9D91-2F75DFA48A65}
		{E2E589B5-8331-4416-B59A-F2826F06AC09} = {887A37AF-63BD-426B-9D91-2F75DFA48A65}
		{3E9B34A5-5D8F-4687-BAD5-4338F531A172} = {80EEF6C8-C457-431F-9C97-83959D9AB4D3}
		{065C06E3-8402-46D9-B25F-E199BD4050FE} = {80EEF6C8-C457-431F-9C97-83959D9AB4D3}
		{3F6987D5-2EE9-41FE-8C2F-0093F21A7A85} = {80EEF6C8-C457-431F-9C97-83959D9AB4D3}
	EndGlobalSection
	GlobalSection(ExtensibilityGlobals) = postSolution
		SolutionGuid = {08E66A6A-F9C1-4540-B2AA-6D13F3936125}
	EndGlobalSection
EndGlobal
